{
  "name": "menicka",
  "version": "1.0.0",
  "lockfileVersion": 3,
  "requires": true,
  "packages": {
    "": {
      "name": "menicka",
      "version": "1.0.0",
      "dependencies": {
        "cheerio": "file:vendor/cheerio"
      }
    },
    "node_modules/cheerio": {
      "resolved": "vendor/cheerio",
      "link": true
    },
    "vendor/cheerio": {
      "version": "1.0.0-local"
    }
  }
}
